# @generated by Move, please check-in and do not edit manually.

[move]
version = 3
manifest_digest = "5E4A850A7CED8A6ED68654343178A43AA24BF734CD346C968BA23C5782344599"
deps_digest = "3C4103934B1E040BB6B23F1D610B4EF9F2F1166A50A104EADCF77467C004C600"
dependencies = [
  { id = "Sui", name = "Sui" },
]
dev-dependencies = [
  { id = "MoveStdlib", name = "MoveStdlib" },
]

[[move.package]]
id = "MoveStdlib"
source = { git = "https://github.com/MystenLabs/sui.git", rev = "main", subdir = "crates\\sui-framework\\packages\\move-stdlib" }

[[move.package]]
id = "Sui"
source = { git = "https://github.com/MystenLabs/sui.git", rev = "main", subdir = "crates/sui-framework/packages/sui-framework" }

dependencies = [
  { id = "MoveStdlib", name = "MoveStdlib" },
]

[move.toolchain-version]
compiler-version = "1.58.1"
edition = "2024"
flavor = "sui"

[env]

[env.testnet]
chain-id = "4c78adac"
original-published-id = "0x7dc23abdeab6ab3dd14019f593f7abc5cc933af33a82e504e98925190e46625b"
latest-published-id = "0x7dc23abdeab6ab3dd14019f593f7abc5cc933af33a82e504e98925190e46625b"
published-version = "1"
